// !$*UTF8*$!
{
	archiveVersion = 1;
	classes = {
	};
	objectVersion = 56;
	objects = {

/* Begin PBXBuildFile section */
		B92D74D32A117DD80031CCD6 /* LogDetails.swift in Sources */ = {isa = PBXBuildFile; fileRef = B92D74D22A117DD80031CCD6 /* LogDetails.swift */; };
		B92D74D52A11912E0031CCD6 /* AddFoodLogView.swift in Sources */ = {isa = PBXBuildFile; fileRef = B92D74D42A11912E0031CCD6 /* AddFoodLogView.swift */; };
		B96AADC429EC775F00936430 /* FitTRAKApp.swift in Sources */ = {isa = PBXBuildFile; fileRef = B96AADC329EC775F00936430 /* FitTRAKApp.swift */; };
		B96AADC629EC775F00936430 /* ContentView.swift in Sources */ = {isa = PBXBuildFile; fileRef = B96AADC529EC775F00936430 /* ContentView.swift */; };
		B96AADC829EC776100936430 /* Assets.xcassets in Resources */ = {isa = PBXBuildFile; fileRef = B96AADC729EC776100936430 /* Assets.xcassets */; };
		B96AADCB29EC776100936430 /* Preview Assets.xcassets in Resources */ = {isa = PBXBuildFile; fileRef = B96AADCA29EC776100936430 /* Preview Assets.xcassets */; };
		B96AADD529EC776100936430 /* FitTRAKTests.swift in Sources */ = {isa = PBXBuildFile; fileRef = B96AADD429EC776100936430 /* FitTRAKTests.swift */; };
		B96AADDF29EC776100936430 /* FitTRAKUITests.swift in Sources */ = {isa = PBXBuildFile; fileRef = B96AADDE29EC776100936430 /* FitTRAKUITests.swift */; };
		B96AADE129EC776100936430 /* FitTRAKUITestsLaunchTests.swift in Sources */ = {isa = PBXBuildFile; fileRef = B96AADE029EC776100936430 /* FitTRAKUITestsLaunchTests.swift */; };
		B96AADF029EC82CC00936430 /* TRAKView.swift in Sources */ = {isa = PBXBuildFile; fileRef = B96AADEF29EC82CC00936430 /* TRAKView.swift */; };
		B96AADF229EC837200936430 /* FitnessView.swift in Sources */ = {isa = PBXBuildFile; fileRef = B96AADF129EC837200936430 /* FitnessView.swift */; };
		B96AADFC29ECD3BD00936430 /* NavigationViewDetails.swift in Sources */ = {isa = PBXBuildFile; fileRef = B96AADFB29ECD3BD00936430 /* NavigationViewDetails.swift */; };
		B96AADFE29F1BFEF00936430 /* UserDetails.swift in Sources */ = {isa = PBXBuildFile; fileRef = B96AADFD29F1BFEF00936430 /* UserDetails.swift */; };
		B96AAE0029F1DA1300936430 /* FontModifiers.swift in Sources */ = {isa = PBXBuildFile; fileRef = B96AADFF29F1DA1300936430 /* FontModifiers.swift */; };
		B96AAE0229F6414000936430 /* Sections.swift in Sources */ = {isa = PBXBuildFile; fileRef = B96AAE0129F6413F00936430 /* Sections.swift */; };
		B9E209BD29FCC3FA004B798D /* Date+Extension.swift in Sources */ = {isa = PBXBuildFile; fileRef = B9E209BC29FCC3FA004B798D /* Date+Extension.swift */; };
		B9E209BF29FCE948004B798D /* ChartView.swift in Sources */ = {isa = PBXBuildFile; fileRef = B9E209BE29FCE948004B798D /* ChartView.swift */; };
		B9E209C129FCF040004B798D /* DetailViewModel.swift in Sources */ = {isa = PBXBuildFile; fileRef = B9E209C029FCF040004B798D /* DetailViewModel.swift */; };
		B9E209C329FCF3AD004B798D /* DetailView.swift in Sources */ = {isa = PBXBuildFile; fileRef = B9E209C229FCF3AD004B798D /* DetailView.swift */; };
		B9E209C72A003222004B798D /* MacrosChart.swift in Sources */ = {isa = PBXBuildFile; fileRef = B9E209C62A003222004B798D /* MacrosChart.swift */; };
		B9E20A772A0582A1004B798D /* FoodFactsViewModel.swift in Sources */ = {isa = PBXBuildFile; fileRef = B9E20A762A0582A1004B798D /* FoodFactsViewModel.swift */; };
		B9E20A792A05F398004B798D /* LogView.swift in Sources */ = {isa = PBXBuildFile; fileRef = B9E20A782A05F398004B798D /* LogView.swift */; };
		B9E20A7D2A0AF341004B798D /* SelectedFoodView.swift in Sources */ = {isa = PBXBuildFile; fileRef = B9E20A7C2A0AF341004B798D /* SelectedFoodView.swift */; };
		B9F605B129F9944700AFB308 /* ColorTheme.swift in Sources */ = {isa = PBXBuildFile; fileRef = B9F605B029F9944700AFB308 /* ColorTheme.swift */; };
		B9F605B429FA5F7E00AFB308 /* SwiftUICharts in Frameworks */ = {isa = PBXBuildFile; productRef = B9F605B329FA5F7E00AFB308 /* SwiftUICharts */; };
		B9F605BA29FB29A600AFB308 /* HealthStore.swift in Sources */ = {isa = PBXBuildFile; fileRef = B9F605B929FB29A600AFB308 /* HealthStore.swift */; };
		B9F605C329FCA9F700AFB308 /* Activity.swift in Sources */ = {isa = PBXBuildFile; fileRef = B9F605C229FCA9F700AFB308 /* Activity.swift */; };
		B9F605C529FCAD8600AFB308 /* HealthStat.swift in Sources */ = {isa = PBXBuildFile; fileRef = B9F605C429FCAD8500AFB308 /* HealthStat.swift */; };
		B9F605C729FCAED400AFB308 /* HKRepository.swift in Sources */ = {isa = PBXBuildFile; fileRef = B9F605C629FCAED400AFB308 /* HKRepository.swift */; };
/* End PBXBuildFile section */

/* Begin PBXContainerItemProxy section */
		B96AADD129EC776100936430 /* PBXContainerItemProxy */ = {
			isa = PBXContainerItemProxy;
			containerPortal = B96AADB829EC775F00936430 /* Project object */;
			proxyType = 1;
			remoteGlobalIDString = B96AADBF29EC775F00936430;
			remoteInfo = FitTRAK;
		};
		B96AADDB29EC776100936430 /* PBXContainerItemProxy */ = {
			isa = PBXContainerItemProxy;
			containerPortal = B96AADB829EC775F00936430 /* Project object */;
			proxyType = 1;
			remoteGlobalIDString = B96AADBF29EC775F00936430;
			remoteInfo = FitTRAK;
		};
/* End PBXContainerItemProxy section */

/* Begin PBXFileReference section */
		B92D74D22A117DD80031CCD6 /* LogDetails.swift */ = {isa = PBXFileReference; lastKnownFileType = sourcecode.swift; path = LogDetails.swift; sourceTree = "<group>"; };
		B92D74D42A11912E0031CCD6 /* AddFoodLogView.swift */ = {isa = PBXFileReference; lastKnownFileType = sourcecode.swift; path = AddFoodLogView.swift; sourceTree = "<group>"; };
		B96AADC029EC775F00936430 /* FitTRAK.app */ = {isa = PBXFileReference; explicitFileType = wrapper.application; includeInIndex = 0; path = FitTRAK.app; sourceTree = BUILT_PRODUCTS_DIR; };
		B96AADC329EC775F00936430 /* FitTRAKApp.swift */ = {isa = PBXFileReference; lastKnownFileType = sourcecode.swift; path = FitTRAKApp.swift; sourceTree = "<group>"; };
		B96AADC529EC775F00936430 /* ContentView.swift */ = {isa = PBXFileReference; lastKnownFileType = sourcecode.swift; path = ContentView.swift; sourceTree = "<group>"; };
		B96AADC729EC776100936430 /* Assets.xcassets */ = {isa = PBXFileReference; lastKnownFileType = folder.assetcatalog; path = Assets.xcassets; sourceTree = "<group>"; };
		B96AADCA29EC776100936430 /* Preview Assets.xcassets */ = {isa = PBXFileReference; lastKnownFileType = folder.assetcatalog; path = "Preview Assets.xcassets"; sourceTree = "<group>"; };
		B96AADD029EC776100936430 /* FitTRAKTests.xctest */ = {isa = PBXFileReference; explicitFileType = wrapper.cfbundle; includeInIndex = 0; path = FitTRAKTests.xctest; sourceTree = BUILT_PRODUCTS_DIR; };
		B96AADD429EC776100936430 /* FitTRAKTests.swift */ = {isa = PBXFileReference; lastKnownFileType = sourcecode.swift; path = FitTRAKTests.swift; sourceTree = "<group>"; };
		B96AADDA29EC776100936430 /* FitTRAKUITests.xctest */ = {isa = PBXFileReference; explicitFileType = wrapper.cfbundle; includeInIndex = 0; path = FitTRAKUITests.xctest; sourceTree = BUILT_PRODUCTS_DIR; };
		B96AADDE29EC776100936430 /* FitTRAKUITests.swift */ = {isa = PBXFileReference; lastKnownFileType = sourcecode.swift; path = FitTRAKUITests.swift; sourceTree = "<group>"; };
		B96AADE029EC776100936430 /* FitTRAKUITestsLaunchTests.swift */ = {isa = PBXFileReference; lastKnownFileType = sourcecode.swift; path = FitTRAKUITestsLaunchTests.swift; sourceTree = "<group>"; };
		B96AADEF29EC82CC00936430 /* TRAKView.swift */ = {isa = PBXFileReference; lastKnownFileType = sourcecode.swift; path = TRAKView.swift; sourceTree = "<group>"; };
		B96AADF129EC837200936430 /* FitnessView.swift */ = {isa = PBXFileReference; lastKnownFileType = sourcecode.swift; path = FitnessView.swift; sourceTree = "<group>"; };
		B96AADFB29ECD3BD00936430 /* NavigationViewDetails.swift */ = {isa = PBXFileReference; lastKnownFileType = sourcecode.swift; path = NavigationViewDetails.swift; sourceTree = "<group>"; };
		B96AADFD29F1BFEF00936430 /* UserDetails.swift */ = {isa = PBXFileReference; lastKnownFileType = sourcecode.swift; path = UserDetails.swift; sourceTree = "<group>"; };
		B96AADFF29F1DA1300936430 /* FontModifiers.swift */ = {isa = PBXFileReference; lastKnownFileType = sourcecode.swift; path = FontModifiers.swift; sourceTree = "<group>"; };
		B96AAE0129F6413F00936430 /* Sections.swift */ = {isa = PBXFileReference; lastKnownFileType = sourcecode.swift; path = Sections.swift; sourceTree = "<group>"; };
		B9E209BC29FCC3FA004B798D /* Date+Extension.swift */ = {isa = PBXFileReference; lastKnownFileType = sourcecode.swift; path = "Date+Extension.swift"; sourceTree = "<group>"; };
		B9E209BE29FCE948004B798D /* ChartView.swift */ = {isa = PBXFileReference; lastKnownFileType = sourcecode.swift; path = ChartView.swift; sourceTree = "<group>"; };
		B9E209C029FCF040004B798D /* DetailViewModel.swift */ = {isa = PBXFileReference; lastKnownFileType = sourcecode.swift; path = DetailViewModel.swift; sourceTree = "<group>"; };
		B9E209C229FCF3AD004B798D /* DetailView.swift */ = {isa = PBXFileReference; lastKnownFileType = sourcecode.swift; path = DetailView.swift; sourceTree = "<group>"; };
		B9E209C62A003222004B798D /* MacrosChart.swift */ = {isa = PBXFileReference; lastKnownFileType = sourcecode.swift; path = MacrosChart.swift; sourceTree = "<group>"; };
		B9E20A762A0582A1004B798D /* FoodFactsViewModel.swift */ = {isa = PBXFileReference; lastKnownFileType = sourcecode.swift; path = FoodFactsViewModel.swift; sourceTree = "<group>"; };
		B9E20A782A05F398004B798D /* LogView.swift */ = {isa = PBXFileReference; lastKnownFileType = sourcecode.swift; path = LogView.swift; sourceTree = "<group>"; };
		B9E20A7C2A0AF341004B798D /* SelectedFoodView.swift */ = {isa = PBXFileReference; lastKnownFileType = sourcecode.swift; path = SelectedFoodView.swift; sourceTree = "<group>"; };
		B9F605B029F9944700AFB308 /* ColorTheme.swift */ = {isa = PBXFileReference; lastKnownFileType = sourcecode.swift; path = ColorTheme.swift; sourceTree = "<group>"; };
		B9F605B929FB29A600AFB308 /* HealthStore.swift */ = {isa = PBXFileReference; lastKnownFileType = sourcecode.swift; path = HealthStore.swift; sourceTree = "<group>"; };
		B9F605BB29FB2AEC00AFB308 /* Info.plist */ = {isa = PBXFileReference; lastKnownFileType = text.plist; path = Info.plist; sourceTree = "<group>"; };
		B9F605BC29FB2E4100AFB308 /* FitTRAK.entitlements */ = {isa = PBXFileReference; lastKnownFileType = text.plist.entitlements; path = FitTRAK.entitlements; sourceTree = "<group>"; };
		B9F605C229FCA9F700AFB308 /* Activity.swift */ = {isa = PBXFileReference; lastKnownFileType = sourcecode.swift; path = Activity.swift; sourceTree = "<group>"; };
		B9F605C429FCAD8500AFB308 /* HealthStat.swift */ = {isa = PBXFileReference; lastKnownFileType = sourcecode.swift; path = HealthStat.swift; sourceTree = "<group>"; };
		B9F605C629FCAED400AFB308 /* HKRepository.swift */ = {isa = PBXFileReference; lastKnownFileType = sourcecode.swift; path = HKRepository.swift; sourceTree = "<group>"; };
/* End PBXFileReference section */

/* Begin PBXFrameworksBuildPhase section */
		B96AADBD29EC775F00936430 /* Frameworks */ = {
			isa = PBXFrameworksBuildPhase;
			buildActionMask = 2147483647;
			files = (
				B9F605B429FA5F7E00AFB308 /* SwiftUICharts in Frameworks */,
			);
			runOnlyForDeploymentPostprocessing = 0;
		};
		B96AADCD29EC776100936430 /* Frameworks */ = {
			isa = PBXFrameworksBuildPhase;
			buildActionMask = 2147483647;
			files = (
			);
			runOnlyForDeploymentPostprocessing = 0;
		};
		B96AADD729EC776100936430 /* Frameworks */ = {
			isa = PBXFrameworksBuildPhase;
			buildActionMask = 2147483647;
			files = (
			);
			runOnlyForDeploymentPostprocessing = 0;
		};
/* End PBXFrameworksBuildPhase section */

/* Begin PBXGroup section */
		B96AADB729EC775F00936430 = {
			isa = PBXGroup;
			children = (
				B9E20A7C2A0AF341004B798D /* SelectedFoodView.swift */,
				B96AADC229EC775F00936430 /* FitTRAK */,
				B96AADD329EC776100936430 /* FitTRAKTests */,
				B96AADDD29EC776100936430 /* FitTRAKUITests */,
				B96AADC129EC775F00936430 /* Products */,
			);
			sourceTree = "<group>";
		};
		B96AADC129EC775F00936430 /* Products */ = {
			isa = PBXGroup;
			children = (
				B96AADC029EC775F00936430 /* FitTRAK.app */,
				B96AADD029EC776100936430 /* FitTRAKTests.xctest */,
				B96AADDA29EC776100936430 /* FitTRAKUITests.xctest */,
			);
			name = Products;
			sourceTree = "<group>";
		};
		B96AADC229EC775F00936430 /* FitTRAK */ = {
			isa = PBXGroup;
			children = (
				B9F605BD29FB391D00AFB308 /* Models */,
				B9F605BC29FB2E4100AFB308 /* FitTRAK.entitlements */,
				B9F605BB29FB2AEC00AFB308 /* Info.plist */,
				B9F605C229FCA9F700AFB308 /* Activity.swift */,
				B9F605C429FCAD8500AFB308 /* HealthStat.swift */,
				B9F605C629FCAED400AFB308 /* HKRepository.swift */,
				B9E209BC29FCC3FA004B798D /* Date+Extension.swift */,
				B96AADC329EC775F00936430 /* FitTRAKApp.swift */,
				B96AADC529EC775F00936430 /* ContentView.swift */,
				B9E20A782A05F398004B798D /* LogView.swift */,
				B92D74D42A11912E0031CCD6 /* AddFoodLogView.swift */,
				B92D74D22A117DD80031CCD6 /* LogDetails.swift */,
				B9F605B029F9944700AFB308 /* ColorTheme.swift */,
				B96AADFB29ECD3BD00936430 /* NavigationViewDetails.swift */,
				B96AADF129EC837200936430 /* FitnessView.swift */,
				B9E20A762A0582A1004B798D /* FoodFactsViewModel.swift */,
				B96AADEF29EC82CC00936430 /* TRAKView.swift */,
				B9E209BE29FCE948004B798D /* ChartView.swift */,
				B9E209C62A003222004B798D /* MacrosChart.swift */,
				B9E209C029FCF040004B798D /* DetailViewModel.swift */,
				B9E209C229FCF3AD004B798D /* DetailView.swift */,
				B96AAE0129F6413F00936430 /* Sections.swift */,
				B96AADFF29F1DA1300936430 /* FontModifiers.swift */,
				B96AADFD29F1BFEF00936430 /* UserDetails.swift */,
				B9F605B929FB29A600AFB308 /* HealthStore.swift */,
				B96AADC729EC776100936430 /* Assets.xcassets */,
				B96AADC929EC776100936430 /* Preview Content */,
			);
			path = FitTRAK;
			sourceTree = "<group>";
		};
		B96AADC929EC776100936430 /* Preview Content */ = {
			isa = PBXGroup;
			children = (
				B96AADCA29EC776100936430 /* Preview Assets.xcassets */,
			);
			path = "Preview Content";
			sourceTree = "<group>";
		};
		B96AADD329EC776100936430 /* FitTRAKTests */ = {
			isa = PBXGroup;
			children = (
				B96AADD429EC776100936430 /* FitTRAKTests.swift */,
			);
			path = FitTRAKTests;
			sourceTree = "<group>";
		};
		B96AADDD29EC776100936430 /* FitTRAKUITests */ = {
			isa = PBXGroup;
			children = (
				B96AADDE29EC776100936430 /* FitTRAKUITests.swift */,
				B96AADE029EC776100936430 /* FitTRAKUITestsLaunchTests.swift */,
			);
			path = FitTRAKUITests;
			sourceTree = "<group>";
		};
		B9F605BD29FB391D00AFB308 /* Models */ = {
			isa = PBXGroup;
			children = (
			);
			path = Models;
			sourceTree = "<group>";
		};
/* End PBXGroup section */

/* Begin PBXNativeTarget section */
		B96AADBF29EC775F00936430 /* FitTRAK */ = {
			isa = PBXNativeTarget;
			buildConfigurationList = B96AADE429EC776100936430 /* Build configuration list for PBXNativeTarget "FitTRAK" */;
			buildPhases = (
				B96AADBC29EC775F00936430 /* Sources */,
				B96AADBD29EC775F00936430 /* Frameworks */,
				B96AADBE29EC775F00936430 /* Resources */,
			);
			buildRules = (
			);
			dependencies = (
			);
			name = FitTRAK;
			packageProductDependencies = (
				B9F605B329FA5F7E00AFB308 /* SwiftUICharts */,
			);
			productName = FitTRAK;
			productReference = B96AADC029EC775F00936430 /* FitTRAK.app */;
			productType = "com.apple.product-type.application";
		};
		B96AADCF29EC776100936430 /* FitTRAKTests */ = {
			isa = PBXNativeTarget;
			buildConfigurationList = B96AADE729EC776100936430 /* Build configuration list for PBXNativeTarget "FitTRAKTests" */;
			buildPhases = (
				B96AADCC29EC776100936430 /* Sources */,
				B96AADCD29EC776100936430 /* Frameworks */,
				B96AADCE29EC776100936430 /* Resources */,
			);
			buildRules = (
			);
			dependencies = (
				B96AADD229EC776100936430 /* PBXTargetDependency */,
			);
			name = FitTRAKTests;
			productName = FitTRAKTests;
			productReference = B96AADD029EC776100936430 /* FitTRAKTests.xctest */;
			productType = "com.apple.product-type.bundle.unit-test";
		};
		B96AADD929EC776100936430 /* FitTRAKUITests */ = {
			isa = PBXNativeTarget;
			buildConfigurationList = B96AADEA29EC776100936430 /* Build configuration list for PBXNativeTarget "FitTRAKUITests" */;
			buildPhases = (
				B96AADD629EC776100936430 /* Sources */,
				B96AADD729EC776100936430 /* Frameworks */,
				B96AADD829EC776100936430 /* Resources */,
			);
			buildRules = (
			);
			dependencies = (
				B96AADDC29EC776100936430 /* PBXTargetDependency */,
			);
			name = FitTRAKUITests;
			productName = FitTRAKUITests;
			productReference = B96AADDA29EC776100936430 /* FitTRAKUITests.xctest */;
			productType = "com.apple.product-type.bundle.ui-testing";
		};
/* End PBXNativeTarget section */

/* Begin PBXProject section */
		B96AADB829EC775F00936430 /* Project object */ = {
			isa = PBXProject;
			attributes = {
				BuildIndependentTargetsInParallel = 1;
				LastSwiftUpdateCheck = 1430;
				LastUpgradeCheck = 1430;
				TargetAttributes = {
					B96AADBF29EC775F00936430 = {
						CreatedOnToolsVersion = 14.3;
					};
					B96AADCF29EC776100936430 = {
						CreatedOnToolsVersion = 14.3;
						TestTargetID = B96AADBF29EC775F00936430;
					};
					B96AADD929EC776100936430 = {
						CreatedOnToolsVersion = 14.3;
						TestTargetID = B96AADBF29EC775F00936430;
					};
				};
			};
			buildConfigurationList = B96AADBB29EC775F00936430 /* Build configuration list for PBXProject "FitTRAK" */;
			compatibilityVersion = "Xcode 14.0";
			developmentRegion = en;
			hasScannedForEncodings = 0;
			knownRegions = (
				en,
				Base,
			);
			mainGroup = B96AADB729EC775F00936430;
			packageReferences = (
				B9F605B229FA5F7E00AFB308 /* XCRemoteSwiftPackageReference "ChartView" */,
			);
			productRefGroup = B96AADC129EC775F00936430 /* Products */;
			projectDirPath = "";
			projectRoot = "";
			targets = (
				B96AADBF29EC775F00936430 /* FitTRAK */,
				B96AADCF29EC776100936430 /* FitTRAKTests */,
				B96AADD929EC776100936430 /* FitTRAKUITests */,
			);
		};
/* End PBXProject section */

/* Begin PBXResourcesBuildPhase section */
		B96AADBE29EC775F00936430 /* Resources */ = {
			isa = PBXResourcesBuildPhase;
			buildActionMask = 2147483647;
			files = (
				B96AADCB29EC776100936430 /* Preview Assets.xcassets in Resources */,
				B96AADC829EC776100936430 /* Assets.xcassets in Resources */,
			);
			runOnlyForDeploymentPostprocessing = 0;
		};
		B96AADCE29EC776100936430 /* Resources */ = {
			isa = PBXResourcesBuildPhase;
			buildActionMask = 2147483647;
			files = (
			);
			runOnlyForDeploymentPostprocessing = 0;
		};
		B96AADD829EC776100936430 /* Resources */ = {
			isa = PBXResourcesBuildPhase;
			buildActionMask = 2147483647;
			files = (
			);
			runOnlyForDeploymentPostprocessing = 0;
		};
/* End PBXResourcesBuildPhase section */

/* Begin PBXSourcesBuildPhase section */
		B96AADBC29EC775F00936430 /* Sources */ = {
			isa = PBXSourcesBuildPhase;
			buildActionMask = 2147483647;
			files = (
				B9F605C729FCAED400AFB308 /* HKRepository.swift in Sources */,
				B9F605B129F9944700AFB308 /* ColorTheme.swift in Sources */,
				B9F605C329FCA9F700AFB308 /* Activity.swift in Sources */,
				B9E209C72A003222004B798D /* MacrosChart.swift in Sources */,
				B96AAE0029F1DA1300936430 /* FontModifiers.swift in Sources */,
				B9E209BF29FCE948004B798D /* ChartView.swift in Sources */,
				B96AAE0229F6414000936430 /* Sections.swift in Sources */,
				B9E209C129FCF040004B798D /* DetailViewModel.swift in Sources */,
				B96AADC629EC775F00936430 /* ContentView.swift in Sources */,
				B92D74D32A117DD80031CCD6 /* LogDetails.swift in Sources */,
				B96AADC429EC775F00936430 /* FitTRAKApp.swift in Sources */,
				B96AADF029EC82CC00936430 /* TRAKView.swift in Sources */,
				B9E209BD29FCC3FA004B798D /* Date+Extension.swift in Sources */,
				B9F605C529FCAD8600AFB308 /* HealthStat.swift in Sources */,
				B9E20A792A05F398004B798D /* LogView.swift in Sources */,
				B9E209C329FCF3AD004B798D /* DetailView.swift in Sources */,
				B9F605BA29FB29A600AFB308 /* HealthStore.swift in Sources */,
				B9E20A772A0582A1004B798D /* FoodFactsViewModel.swift in Sources */,
				B96AADF229EC837200936430 /* FitnessView.swift in Sources */,
				B96AADFC29ECD3BD00936430 /* NavigationViewDetails.swift in Sources */,
				B92D74D52A11912E0031CCD6 /* AddFoodLogView.swift in Sources */,
				B96AADFE29F1BFEF00936430 /* UserDetails.swift in Sources */,
				B9E20A7D2A0AF341004B798D /* SelectedFoodView.swift in Sources */,
			);
			runOnlyForDeploymentPostprocessing = 0;
		};
		B96AADCC29EC776100936430 /* Sources */ = {
			isa = PBXSourcesBuildPhase;
			buildActionMask = 2147483647;
			files = (
				B96AADD529EC776100936430 /* FitTRAKTests.swift in Sources */,
			);
			runOnlyForDeploymentPostprocessing = 0;
		};
		B96AADD629EC776100936430 /* Sources */ = {
			isa = PBXSourcesBuildPhase;
			buildActionMask = 2147483647;
			files = (
				B96AADE129EC776100936430 /* FitTRAKUITestsLaunchTests.swift in Sources */,
				B96AADDF29EC776100936430 /* FitTRAKUITests.swift in Sources */,
			);
			runOnlyForDeploymentPostprocessing = 0;
		};
/* End PBXSourcesBuildPhase section */

/* Begin PBXTargetDependency section */
		B96AADD229EC776100936430 /* PBXTargetDependency */ = {
			isa = PBXTargetDependency;
			target = B96AADBF29EC775F00936430 /* FitTRAK */;
			targetProxy = B96AADD129EC776100936430 /* PBXContainerItemProxy */;
		};
		B96AADDC29EC776100936430 /* PBXTargetDependency */ = {
			isa = PBXTargetDependency;
			target = B96AADBF29EC775F00936430 /* FitTRAK */;
			targetProxy = B96AADDB29EC776100936430 /* PBXContainerItemProxy */;
		};
/* End PBXTargetDependency section */

/* Begin XCBuildConfiguration section */
		B96AADE229EC776100936430 /* Debug */ = {
			isa = XCBuildConfiguration;
			buildSettings = {
				ALWAYS_SEARCH_USER_PATHS = NO;
				CLANG_ANALYZER_NONNULL = YES;
				CLANG_ANALYZER_NUMBER_OBJECT_CONVERSION = YES_AGGRESSIVE;
				CLANG_CXX_LANGUAGE_STANDARD = "gnu++20";
				CLANG_ENABLE_MODULES = YES;
				CLANG_ENABLE_OBJC_ARC = YES;
				CLANG_ENABLE_OBJC_WEAK = YES;
				CLANG_WARN_BLOCK_CAPTURE_AUTORELEASING = YES;
				CLANG_WARN_BOOL_CONVERSION = YES;
				CLANG_WARN_COMMA = YES;
				CLANG_WARN_CONSTANT_CONVERSION = YES;
				CLANG_WARN_DEPRECATED_OBJC_IMPLEMENTATIONS = YES;
				CLANG_WARN_DIRECT_OBJC_ISA_USAGE = YES_ERROR;
				CLANG_WARN_DOCUMENTATION_COMMENTS = YES;
				CLANG_WARN_EMPTY_BODY = YES;
				CLANG_WARN_ENUM_CONVERSION = YES;
				CLANG_WARN_INFINITE_RECURSION = YES;
				CLANG_WARN_INT_CONVERSION = YES;
				CLANG_WARN_NON_LITERAL_NULL_CONVERSION = YES;
				CLANG_WARN_OBJC_IMPLICIT_RETAIN_SELF = YES;
				CLANG_WARN_OBJC_LITERAL_CONVERSION = YES;
				CLANG_WARN_OBJC_ROOT_CLASS = YES_ERROR;
				CLANG_WARN_QUOTED_INCLUDE_IN_FRAMEWORK_HEADER = YES;
				CLANG_WARN_RANGE_LOOP_ANALYSIS = YES;
				CLANG_WARN_STRICT_PROTOTYPES = YES;
				CLANG_WARN_SUSPICIOUS_MOVE = YES;
				CLANG_WARN_UNGUARDED_AVAILABILITY = YES_AGGRESSIVE;
				CLANG_WARN_UNREACHABLE_CODE = YES;
				CLANG_WARN__DUPLICATE_METHOD_MATCH = YES;
				COPY_PHASE_STRIP = NO;
				DEBUG_INFORMATION_FORMAT = dwarf;
				ENABLE_STRICT_OBJC_MSGSEND = YES;
				ENABLE_TESTABILITY = YES;
				GCC_C_LANGUAGE_STANDARD = gnu11;
				GCC_DYNAMIC_NO_PIC = NO;
				GCC_NO_COMMON_BLOCKS = YES;
				GCC_OPTIMIZATION_LEVEL = 0;
				GCC_PREPROCESSOR_DEFINITIONS = (
					"DEBUG=1",
					"$(inherited)",
				);
				GCC_WARN_64_TO_32_BIT_CONVERSION = YES;
				GCC_WARN_ABOUT_RETURN_TYPE = YES_ERROR;
				GCC_WARN_UNDECLARED_SELECTOR = YES;
				GCC_WARN_UNINITIALIZED_AUTOS = YES_AGGRESSIVE;
				GCC_WARN_UNUSED_FUNCTION = YES;
				GCC_WARN_UNUSED_VARIABLE = YES;
				IPHONEOS_DEPLOYMENT_TARGET = 16.4;
				MTL_ENABLE_DEBUG_INFO = INCLUDE_SOURCE;
				MTL_FAST_MATH = YES;
				ONLY_ACTIVE_ARCH = YES;
				SDKROOT = iphoneos;
				SWIFT_ACTIVE_COMPILATION_CONDITIONS = DEBUG;
				SWIFT_OPTIMIZATION_LEVEL = "-Onone";
			};
			name = Debug;
		};
		B96AADE329EC776100936430 /* Release */ = {
			isa = XCBuildConfiguration;
			buildSettings = {
				ALWAYS_SEARCH_USER_PATHS = NO;
				CLANG_ANALYZER_NONNULL = YES;
				CLANG_ANALYZER_NUMBER_OBJECT_CONVERSION = YES_AGGRESSIVE;
				CLANG_CXX_LANGUAGE_STANDARD = "gnu++20";
				CLANG_ENABLE_MODULES = YES;
				CLANG_ENABLE_OBJC_ARC = YES;
				CLANG_ENABLE_OBJC_WEAK = YES;
				CLANG_WARN_BLOCK_CAPTURE_AUTORELEASING = YES;
				CLANG_WARN_BOOL_CONVERSION = YES;
				CLANG_WARN_COMMA = YES;
				CLANG_WARN_CONSTANT_CONVERSION = YES;
				CLANG_WARN_DEPRECATED_OBJC_IMPLEMENTATIONS = YES;
				CLANG_WARN_DIRECT_OBJC_ISA_USAGE = YES_ERROR;
				CLANG_WARN_DOCUMENTATION_COMMENTS = YES;
				CLANG_WARN_EMPTY_BODY = YES;
				CLANG_WARN_ENUM_CONVERSION = YES;
				CLANG_WARN_INFINITE_RECURSION = YES;
				CLANG_WARN_INT_CONVERSION = YES;
				CLANG_WARN_NON_LITERAL_NULL_CONVERSION = YES;
				CLANG_WARN_OBJC_IMPLICIT_RETAIN_SELF = YES;
				CLANG_WARN_OBJC_LITERAL_CONVERSION = YES;
				CLANG_WARN_OBJC_ROOT_CLASS = YES_ERROR;
				CLANG_WARN_QUOTED_INCLUDE_IN_FRAMEWORK_HEADER = YES;
				CLANG_WARN_RANGE_LOOP_ANALYSIS = YES;
				CLANG_WARN_STRICT_PROTOTYPES = YES;
				CLANG_WARN_SUSPICIOUS_MOVE = YES;
				CLANG_WARN_UNGUARDED_AVAILABILITY = YES_AGGRESSIVE;
				CLANG_WARN_UNREACHABLE_CODE = YES;
				CLANG_WARN__DUPLICATE_METHOD_MATCH = YES;
				COPY_PHASE_STRIP = NO;
				DEBUG_INFORMATION_FORMAT = "dwarf-with-dsym";
				ENABLE_NS_ASSERTIONS = NO;
				ENABLE_STRICT_OBJC_MSGSEND = YES;
				GCC_C_LANGUAGE_STANDARD = gnu11;
				GCC_NO_COMMON_BLOCKS = YES;
				GCC_WARN_64_TO_32_BIT_CONVERSION = YES;
				GCC_WARN_ABOUT_RETURN_TYPE = YES_ERROR;
				GCC_WARN_UNDECLARED_SELECTOR = YES;
				GCC_WARN_UNINITIALIZED_AUTOS = YES_AGGRESSIVE;
				GCC_WARN_UNUSED_FUNCTION = YES;
				GCC_WARN_UNUSED_VARIABLE = YES;
				IPHONEOS_DEPLOYMENT_TARGET = 16.4;
				MTL_ENABLE_DEBUG_INFO = NO;
				MTL_FAST_MATH = YES;
				SDKROOT = iphoneos;
				SWIFT_COMPILATION_MODE = wholemodule;
				SWIFT_OPTIMIZATION_LEVEL = "-O";
				VALIDATE_PRODUCT = YES;
			};
			name = Release;
		};
		B96AADE529EC776100936430 /* Debug */ = {
			isa = XCBuildConfiguration;
			buildSettings = {
				ASSETCATALOG_COMPILER_APPICON_NAME = AppIcon;
				ASSETCATALOG_COMPILER_GLOBAL_ACCENT_COLOR_NAME = AccentColor;
				CODE_SIGN_ENTITLEMENTS = FitTRAK/FitTRAK.entitlements;
				CODE_SIGN_STYLE = Automatic;
				CURRENT_PROJECT_VERSION = 1;
				DEVELOPMENT_ASSET_PATHS = "\"FitTRAK/Preview Content\"";
				DEVELOPMENT_TEAM = KM9XN6YJFL;
				ENABLE_PREVIEWS = YES;
				GENERATE_INFOPLIST_FILE = YES;
				INFOPLIST_FILE = FitTRAK/Info.plist;
				INFOPLIST_KEY_NSHealthShareUsageDescription = "This app requires to share or access your health data. Want to access details like active calories, total calories, workout info...";
				INFOPLIST_KEY_NSHealthUpdateUsageDescription = "This app requires to share or access your health data. Want to access details like active calories, total calories, workout info...";
				INFOPLIST_KEY_UIApplicationSceneManifest_Generation = YES;
				INFOPLIST_KEY_UIApplicationSupportsIndirectInputEvents = YES;
				INFOPLIST_KEY_UILaunchScreen_Generation = YES;
				INFOPLIST_KEY_UISupportedInterfaceOrientations_iPad = "UIInterfaceOrientationPortrait UIInterfaceOrientationPortraitUpsideDown UIInterfaceOrientationLandscapeLeft UIInterfaceOrientationLandscapeRight";
				INFOPLIST_KEY_UISupportedInterfaceOrientations_iPhone = "UIInterfaceOrientationPortrait UIInterfaceOrientationLandscapeLeft UIInterfaceOrientationLandscapeRight";
				LD_RUNPATH_SEARCH_PATHS = (
					"$(inherited)",
					"@executable_path/Frameworks",
				);
				MARKETING_VERSION = 1.0;
				PRODUCT_BUNDLE_IDENTIFIER = com.alexd58.FitTRAK;
				PRODUCT_NAME = "$(TARGET_NAME)";
				SWIFT_EMIT_LOC_STRINGS = YES;
				SWIFT_VERSION = 5.0;
				TARGETED_DEVICE_FAMILY = "1,2";
			};
			name = Debug;
		};
		B96AADE629EC776100936430 /* Release */ = {
			isa = XCBuildConfiguration;
			buildSettings = {
				ASSETCATALOG_COMPILER_APPICON_NAME = AppIcon;
				ASSETCATALOG_COMPILER_GLOBAL_ACCENT_COLOR_NAME = AccentColor;
				CODE_SIGN_ENTITLEMENTS = FitTRAK/FitTRAK.entitlements;
				CODE_SIGN_STYLE = Automatic;
				CURRENT_PROJECT_VERSION = 1;
				DEVELOPMENT_ASSET_PATHS = "\"FitTRAK/Preview Content\"";
				DEVELOPMENT_TEAM = KM9XN6YJFL;
				ENABLE_PREVIEWS = YES;
				GENERATE_INFOPLIST_FILE = YES;
				INFOPLIST_FILE = FitTRAK/Info.plist;
				INFOPLIST_KEY_NSHealthShareUsageDescription = "This app requires to share or access your health data. Want to access details like active calories, total calories, workout info...";
				INFOPLIST_KEY_NSHealthUpdateUsageDescription = "This app requires to share or access your health data. Want to access details like active calories, total calories, workout info...";
				INFOPLIST_KEY_UIApplicationSceneManifest_Generation = YES;
				INFOPLIST_KEY_UIApplicationSupportsIndirectInputEvents = YES;
				INFOPLIST_KEY_UILaunchScreen_Generation = YES;
				INFOPLIST_KEY_UISupportedInterfaceOrientations_iPad = "UIInterfaceOrientationPortrait UIInterfaceOrientationPortraitUpsideDown UIInterfaceOrientationLandscapeLeft UIInterfaceOrientationLandscapeRight";
				INFOPLIST_KEY_UISupportedInterfaceOrientations_iPhone = "UIInterfaceOrientationPortrait UIInterfaceOrientationLandscapeLeft UIInterfaceOrientationLandscapeRight";
				LD_RUNPATH_SEARCH_PATHS = (
					"$(inherited)",
					"@executable_path/Frameworks",
				);
				MARKETING_VERSION = 1.0;
				PRODUCT_BUNDLE_IDENTIFIER = com.alexd58.FitTRAK;
				PRODUCT_NAME = "$(TARGET_NAME)";
				SWIFT_EMIT_LOC_STRINGS = YES;
				SWIFT_VERSION = 5.0;
				TARGETED_DEVICE_FAMILY = "1,2";
			};
			name = Release;
		};
		B96AADE829EC776100936430 /* Debug */ = {
			isa = XCBuildConfiguration;
			buildSettings = {
				ALWAYS_EMBED_SWIFT_STANDARD_LIBRARIES = YES;
				BUNDLE_LOADER = "$(TEST_HOST)";
				CODE_SIGN_STYLE = Automatic;
				CURRENT_PROJECT_VERSION = 1;
				DEVELOPMENT_TEAM = KM9XN6YJFL;
				GENERATE_INFOPLIST_FILE = YES;
				IPHONEOS_DEPLOYMENT_TARGET = 16.4;
				MARKETING_VERSION = 1.0;
				PRODUCT_BUNDLE_IDENTIFIER = com.alexd58.FitTRAKTests;
				PRODUCT_NAME = "$(TARGET_NAME)";
				SWIFT_EMIT_LOC_STRINGS = NO;
				SWIFT_VERSION = 5.0;
				TARGETED_DEVICE_FAMILY = "1,2";
				TEST_HOST = "$(BUILT_PRODUCTS_DIR)/FitTRAK.app/$(BUNDLE_EXECUTABLE_FOLDER_PATH)/FitTRAK";
			};
			name = Debug;
		};
		B96AADE929EC776100936430 /* Release */ = {
			isa = XCBuildConfiguration;
			buildSettings = {
				ALWAYS_EMBED_SWIFT_STANDARD_LIBRARIES = YES;
				BUNDLE_LOADER = "$(TEST_HOST)";
				CODE_SIGN_STYLE = Automatic;
				CURRENT_PROJECT_VERSION = 1;
				DEVELOPMENT_TEAM = KM9XN6YJFL;
				GENERATE_INFOPLIST_FILE = YES;
				IPHONEOS_DEPLOYMENT_TARGET = 16.4;
				MARKETING_VERSION = 1.0;
				PRODUCT_BUNDLE_IDENTIFIER = com.alexd58.FitTRAKTests;
				PRODUCT_NAME = "$(TARGET_NAME)";
				SWIFT_EMIT_LOC_STRINGS = NO;
				SWIFT_VERSION = 5.0;
				TARGETED_DEVICE_FAMILY = "1,2";
				TEST_HOST = "$(BUILT_PRODUCTS_DIR)/FitTRAK.app/$(BUNDLE_EXECUTABLE_FOLDER_PATH)/FitTRAK";
			};
			name = Release;
		};
		B96AADEB29EC776100936430 /* Debug */ = {
			isa = XCBuildConfiguration;
			buildSettings = {
				ALWAYS_EMBED_SWIFT_STANDARD_LIBRARIES = YES;
				CODE_SIGN_STYLE = Automatic;
				CURRENT_PROJECT_VERSION = 1;
				DEVELOPMENT_TEAM = KM9XN6YJFL;
				GENERATE_INFOPLIST_FILE = YES;
				MARKETING_VERSION = 1.0;
				PRODUCT_BUNDLE_IDENTIFIER = com.alexd58.FitTRAKUITests;
				PRODUCT_NAME = "$(TARGET_NAME)";
				SWIFT_EMIT_LOC_STRINGS = NO;
				SWIFT_VERSION = 5.0;
				TARGETED_DEVICE_FAMILY = "1,2";
				TEST_TARGET_NAME = FitTRAK;
			};
			name = Debug;
		};
		B96AADEC29EC776100936430 /* Release */ = {
			isa = XCBuildConfiguration;
			buildSettings = {
				ALWAYS_EMBED_SWIFT_STANDARD_LIBRARIES = YES;
				CODE_SIGN_STYLE = Automatic;
				CURRENT_PROJECT_VERSION = 1;
				DEVELOPMENT_TEAM = KM9XN6YJFL;
				GENERATE_INFOPLIST_FILE = YES;
				MARKETING_VERSION = 1.0;
				PRODUCT_BUNDLE_IDENTIFIER = com.alexd58.FitTRAKUITests;
				PRODUCT_NAME = "$(TARGET_NAME)";
				SWIFT_EMIT_LOC_STRINGS = NO;
				SWIFT_VERSION = 5.0;
				TARGETED_DEVICE_FAMILY = "1,2";
				TEST_TARGET_NAME = FitTRAK;
			};
			name = Release;
		};
/* End XCBuildConfiguration section */

/* Begin XCConfigurationList section */
		B96AADBB29EC775F00936430 /* Build configuration list for PBXProject "FitTRAK" */ = {
			isa = XCConfigurationList;
			buildConfigurations = (
				B96AADE229EC776100936430 /* Debug */,
				B96AADE329EC776100936430 /* Release */,
			);
			defaultConfigurationIsVisible = 0;
			defaultConfigurationName = Release;
		};
		B96AADE429EC776100936430 /* Build configuration list for PBXNativeTarget "FitTRAK" */ = {
			isa = XCConfigurationList;
			buildConfigurations = (
				B96AADE529EC776100936430 /* Debug */,
				B96AADE629EC776100936430 /* Release */,
			);
			defaultConfigurationIsVisible = 0;
			defaultConfigurationName = Release;
		};
		B96AADE729EC776100936430 /* Build configuration list for PBXNativeTarget "FitTRAKTests" */ = {
			isa = XCConfigurationList;
			buildConfigurations = (
				B96AADE829EC776100936430 /* Debug */,
				B96AADE929EC776100936430 /* Release */,
			);
			defaultConfigurationIsVisible = 0;
			defaultConfigurationName = Release;
		};
		B96AADEA29EC776100936430 /* Build configuration list for PBXNativeTarget "FitTRAKUITests" */ = {
			isa = XCConfigurationList;
			buildConfigurations = (
				B96AADEB29EC776100936430 /* Debug */,
				B96AADEC29EC776100936430 /* Release */,
			);
			defaultConfigurationIsVisible = 0;
			defaultConfigurationName = Release;
		};
/* End XCConfigurationList section */

/* Begin XCRemoteSwiftPackageReference section */
		B9F605B229FA5F7E00AFB308 /* XCRemoteSwiftPackageReference "ChartView" */ = {
			isa = XCRemoteSwiftPackageReference;
			repositoryURL = "https://github.com/AppPear/ChartView";
			requirement = {
				kind = upToNextMajorVersion;
				minimumVersion = 1.0.0;
			};
		};
/* End XCRemoteSwiftPackageReference section */

/* Begin XCSwiftPackageProductDependency section */
		B9F605B329FA5F7E00AFB308 /* SwiftUICharts */ = {
			isa = XCSwiftPackageProductDependency;
			package = B9F605B229FA5F7E00AFB308 /* XCRemoteSwiftPackageReference "ChartView" */;
			productName = SwiftUICharts;
		};
/* End XCSwiftPackageProductDependency section */
	};
	rootObject = B96AADB829EC775F00936430 /* Project object */;
}
